<?xml version="1.0" encoding="utf-8"?>
<Project ToolsVersion="4.0" xmlns="http://schemas.microsoft.com/developer/msbuild/2003">
  <ItemGroup>
    <ClCompile Include="Core\Game.cpp" />
    <ClCompile Include="Core\Input.cpp" />
    <ClCompile Include="Core\main.cpp" />
    <ClCompile Include="Effects\EffectManager.cpp" />
    <ClCompile Include="Objects\Bullet.cpp" />
    <ClCompile Include="Objects\Door.cpp" />
    <ClCompile Include="Objects\Enemy.cpp" />
    <ClCompile Include="Objects\GlassDome.cpp" />
    <ClCompile Include="Objects\Item.cpp" />
    <ClCompile Include="Objects\Physics.cpp" />
    <ClCompile Include="Objects\Player.cpp" />
    <ClCompile Include="SceneAndMap\Camera.cpp" />
    <ClCompile Include="SceneAndMap\StageManager.cpp" />
    <ClCompile Include="UI\StartScene.cpp" />
    <ClCompile Include="UI\UIManager.cpp" />
    <ClCompile Include="Objects\Kissyface.cpp" />
  </ItemGroup>
  <ItemGroup>
    <ClInclude Include="Core\Game.h" />
    <ClInclude Include="Core\Input.h" />
    <ClInclude Include="Effects\EffectManager.h" />
    <ClInclude Include="Objects\Bullet.h" />
    <ClInclude Include="Objects\Door.h" />
    <ClInclude Include="Objects\Enemy.h" />
    <ClInclude Include="Objects\GlassDome.h" />
    <ClInclude Include="Objects\Item.h" />
    <ClInclude Include="Objects\Physics.h" />
    <ClInclude Include="Objects\Player.h" />
    <ClInclude Include="SceneAndMap\Camera.h" />
    <ClInclude Include="SceneAndMap\StageManager.h" />
    <ClInclude Include="UI\StartScene.h" />
    <ClInclude Include="UI\UIManager.h" />
    <ClInclude Include="Objects\Kissyface.h" />
  </ItemGroup>
</Project>